
Microsoft Visual Studio Solution File, Format Version 12.00
# Visual Studio 15
Project("{FAE04EC0-301F-11D3-BF4B-00C04F79EFBC}") = "WebApiSample", "WebApiSample\WebApiSample.csproj", "{6423CA34-FF8D-47E7-80E4-CD45FC1DEA65}"
EndProject
Project("{FAE04EC0-301F-11D3-BF4B-00C04F79EFBC}") = "WebApiSampleTest", "WebApiSampleTest\WebApiSampleTest.csproj", "{DF34A359-74A6-412E-967C-86458E98C424}"
EndProject
Global
	GlobalSection(SolutionConfigurationPlatforms) = preSolution
		Debug|Any CPU = Debug|Any CPU
		Release|Any CPU = Release|Any CPU
	EndGlobalSection
	GlobalSection(ProjectConfigurationPlatforms) = postSolution
		{6423CA34-FF8D-47E7-80E4-CD45FC1DEA65}.Debug|Any CPU.ActiveCfg = Debug|Any CPU
		{6423CA34-FF8D-47E7-80E4-CD45FC1DEA65}.Debug|Any CPU.Build.0 = Debug|Any CPU
		{6423CA34-FF8D-47E7-80E4-CD45FC1DEA65}.Release|Any CPU.ActiveCfg = Release|Any CPU
		{6423CA34-FF8D-47E7-80E4-CD45FC1DEA65}.Release|Any CPU.Build.0 = Release|Any CPU
		{DF34A359-74A6-412E-967C-86458E98C424}.Debug|Any CPU.ActiveCfg = Debug|Any CPU
		{DF34A359-74A6-412E-967C-86458E98C424}.Debug|Any CPU.Build.0 = Debug|Any CPU
		{DF34A359-74A6-412E-967C-86458E98C424}.Release|Any CPU.ActiveCfg = Release|Any CPU
		{DF34A359-74A6-412E-967C-86458E98C424}.Release|Any CPU.Build.0 = Release|Any CPU
	EndGlobalSection
EndGlobal
